
Microsoft Visual Studio Solution File, Format Version 12.00
# Visual Studio Version 17
VisualStudioVersion = 17.9.34902.65
MinimumVisualStudioVersion = 10.0.40219.1
Project("{FAE04EC0-301F-11D3-BF4B-00C04F79EFBC}") = "NetCoreYouTube2", "NetCoreYouTube2\NetCoreYouTube2.csproj", "{D788CDC1-07FE-4872-864A-508E8D966DD0}"
EndProject
Global
	GlobalSection(SolutionConfigurationPlatforms) = preSolution
		Debug|Any CPU = Debug|Any CPU
		Release|Any CPU = Release|Any CPU
	EndGlobalSection
	GlobalSection(ProjectConfigurationPlatforms) = postSolution
		{D788CDC1-07FE-4872-864A-508E8D966DD0}.Debug|Any CPU.ActiveCfg = Debug|Any CPU
		{D788CDC1-07FE-4872-864A-508E8D966DD0}.Debug|Any CPU.Build.0 = Debug|Any CPU
		{D788CDC1-07FE-4872-864A-508E8D966DD0}.Release|Any CPU.ActiveCfg = Release|Any CPU
		{D788CDC1-07FE-4872-864A-508E8D966DD0}.Release|Any CPU.Build.0 = Release|Any CPU
	EndGlobalSection
	GlobalSection(SolutionProperties) = preSolution
		HideSolutionNode = FALSE
	EndGlobalSection
	GlobalSection(ExtensibilityGlobals) = postSolution
		SolutionGuid = {15699CDF-387A-4439-BC66-18581AD35E50}
	EndGlobalSection
EndGlobal
